
Microsoft Visual Studio Solution File, Format Version 12.00
# Visual Studio Version 16
VisualStudioVersion = 16.0.31105.61
MinimumVisualStudioVersion = 10.0.40219.1
Project("{FAE04EC0-301F-11D3-BF4B-00C04F79EFBC}") = "Assignment", "Assignment\Assignment.csproj", "{0AC6190F-FB7F-44CE-966D-032297482F3B}"
EndProject
Global
	GlobalSection(SolutionConfigurationPlatforms) = preSolution
		Debug|Any CPU = Debug|Any CPU
		Release|Any CPU = Release|Any CPU
	EndGlobalSection
	GlobalSection(ProjectConfigurationPlatforms) = postSolution
		{0AC6190F-FB7F-44CE-966D-032297482F3B}.Debug|Any CPU.ActiveCfg = Debug|Any CPU
		{0AC6190F-FB7F-44CE-966D-032297482F3B}.Debug|Any CPU.Build.0 = Debug|Any CPU
		{0AC6190F-FB7F-44CE-966D-032297482F3B}.Release|Any CPU.ActiveCfg = Release|Any CPU
		{0AC6190F-FB7F-44CE-966D-032297482F3B}.Release|Any CPU.Build.0 = Release|Any CPU
	EndGlobalSection
	GlobalSection(SolutionProperties) = preSolution
		HideSolutionNode = FALSE
	EndGlobalSection
	GlobalSection(ExtensibilityGlobals) = postSolution
		SolutionGuid = {27DA6B6F-7246-40F9-B5D0-2CFE17B62B9C}
	EndGlobalSection
EndGlobal
